
Microsoft Visual Studio Solution File, Format Version 12.00
# Visual Studio Version 16
VisualStudioVersion = 16.0.31205.134
MinimumVisualStudioVersion = 10.0.40219.1
Project("{FAE04EC0-301F-11D3-BF4B-00C04F79EFBC}") = "hfstk4", "hfstk4.csproj", "{F6A38F70-4356-4252-B64A-DD8FFC41324B}"
EndProject
Global
	GlobalSection(SolutionConfigurationPlatforms) = preSolution
		Debug|Any CPU = Debug|Any CPU
		Release|Any CPU = Release|Any CPU
	EndGlobalSection
	GlobalSection(ProjectConfigurationPlatforms) = postSolution
		{F6A38F70-4356-4252-B64A-DD8FFC41324B}.Debug|Any CPU.ActiveCfg = Debug|Any CPU
		{F6A38F70-4356-4252-B64A-DD8FFC41324B}.Debug|Any CPU.Build.0 = Debug|Any CPU
		{F6A38F70-4356-4252-B64A-DD8FFC41324B}.Release|Any CPU.ActiveCfg = Release|Any CPU
		{F6A38F70-4356-4252-B64A-DD8FFC41324B}.Release|Any CPU.Build.0 = Release|Any CPU
	EndGlobalSection
	GlobalSection(SolutionProperties) = preSolution
		HideSolutionNode = FALSE
	EndGlobalSection
	GlobalSection(ExtensibilityGlobals) = postSolution
		SolutionGuid = {241AB0D1-3FFD-4A07-B78F-5659BAFD71CF}
	EndGlobalSection
EndGlobal
